
Microsoft Visual Studio Solution File, Format Version 12.00
# Visual Studio Version 16
VisualStudioVersion = 16.0.31205.134
MinimumVisualStudioVersion = 10.0.40219.1
Project("{2150E333-8FDC-42A3-9474-1A3956D46DE8}") = "1 - Distribution Layer", "1 - Distribution Layer", "{D04F4FBE-2364-4BE1-AB7C-2A7B600CFDA0}"
EndProject
Project("{2150E333-8FDC-42A3-9474-1A3956D46DE8}") = "2 - Domain Layer", "2 - Domain Layer", "{73025129-A420-4D4E-9B94-C1366E6D111D}"
EndProject
Project("{2150E333-8FDC-42A3-9474-1A3956D46DE8}") = "3 - Infra Layer", "3 - Infra Layer", "{BFBDAD69-0714-4D6B-AE3B-3FCE826A8489}"
EndProject
Project("{9A19103F-16F7-4668-BE54-9A1E7A4F7556}") = "VG.Domain", "..\Projects\VG.Domain\VG.Domain.csproj", "{42FA54D2-F646-49A4-B89D-32B5BB1E42FF}"
EndProject
Project("{9A19103F-16F7-4668-BE54-9A1E7A4F7556}") = "VG.Infra.Migrations", "..\Projects\VG.Infra.Migrations\VG.Infra.Migrations.csproj", "{8367608B-C5DD-4D73-ADEE-37CE4ED602A6}"
EndProject
Project("{9A19103F-16F7-4668-BE54-9A1E7A4F7556}") = "VG.Infra.Data", "..\Projects\VG.Infra.Data\VG.Infra.Data.csproj", "{B8CDF58D-31F0-4851-8D1A-977F6A3FA102}"
EndProject
Project("{9A19103F-16F7-4668-BE54-9A1E7A4F7556}") = "VG.WebApi", "..\Projects\VG.WebApi\VG.WebApi.csproj", "{85182B5C-1A52-4359-AE91-6A315EB0CD69}"
EndProject
Project("{9A19103F-16F7-4668-BE54-9A1E7A4F7556}") = "VG.WebApp", "..\Projects\VG.WebApp\VG.WebApp.csproj", "{259829C1-F73D-4823-80A6-28D2D2C373C2}"
EndProject
Project("{2150E333-8FDC-42A3-9474-1A3956D46DE8}") = "4- Tests", "4- Tests", "{58C676B8-B99E-42CB-9836-2DA44158C3A9}"
EndProject
Project("{9A19103F-16F7-4668-BE54-9A1E7A4F7556}") = "VG.WebApi.Tests", "..\Projects\VG.WebApi.Tests\VG.WebApi.Tests.csproj", "{29E0D83E-6F2D-40D0-8FAA-DF551F5A526B}"
EndProject
Global
	GlobalSection(SolutionConfigurationPlatforms) = preSolution
		Debug|Any CPU = Debug|Any CPU
		Release|Any CPU = Release|Any CPU
	EndGlobalSection
	GlobalSection(ProjectConfigurationPlatforms) = postSolution
		{42FA54D2-F646-49A4-B89D-32B5BB1E42FF}.Debug|Any CPU.ActiveCfg = Debug|Any CPU
		{42FA54D2-F646-49A4-B89D-32B5BB1E42FF}.Debug|Any CPU.Build.0 = Debug|Any CPU
		{42FA54D2-F646-49A4-B89D-32B5BB1E42FF}.Release|Any CPU.ActiveCfg = Release|Any CPU
		{42FA54D2-F646-49A4-B89D-32B5BB1E42FF}.Release|Any CPU.Build.0 = Release|Any CPU
		{8367608B-C5DD-4D73-ADEE-37CE4ED602A6}.Debug|Any CPU.ActiveCfg = Debug|Any CPU
		{8367608B-C5DD-4D73-ADEE-37CE4ED602A6}.Debug|Any CPU.Build.0 = Debug|Any CPU
		{8367608B-C5DD-4D73-ADEE-37CE4ED602A6}.Release|Any CPU.ActiveCfg = Release|Any CPU
		{8367608B-C5DD-4D73-ADEE-37CE4ED602A6}.Release|Any CPU.Build.0 = Release|Any CPU
		{B8CDF58D-31F0-4851-8D1A-977F6A3FA102}.Debug|Any CPU.ActiveCfg = Debug|Any CPU
		{B8CDF58D-31F0-4851-8D1A-977F6A3FA102}.Debug|Any CPU.Build.0 = Debug|Any CPU
		{B8CDF58D-31F0-4851-8D1A-977F6A3FA102}.Release|Any CPU.ActiveCfg = Release|Any CPU
		{B8CDF58D-31F0-4851-8D1A-977F6A3FA102}.Release|Any CPU.Build.0 = Release|Any CPU
		{85182B5C-1A52-4359-AE91-6A315EB0CD69}.Debug|Any CPU.ActiveCfg = Debug|Any CPU
		{85182B5C-1A52-4359-AE91-6A315EB0CD69}.Debug|Any CPU.Build.0 = Debug|Any CPU
		{85182B5C-1A52-4359-AE91-6A315EB0CD69}.Release|Any CPU.ActiveCfg = Release|Any CPU
		{85182B5C-1A52-4359-AE91-6A315EB0CD69}.Release|Any CPU.Build.0 = Release|Any CPU
		{259829C1-F73D-4823-80A6-28D2D2C373C2}.Debug|Any CPU.ActiveCfg = Debug|Any CPU
		{259829C1-F73D-4823-80A6-28D2D2C373C2}.Debug|Any CPU.Build.0 = Debug|Any CPU
		{259829C1-F73D-4823-80A6-28D2D2C373C2}.Release|Any CPU.ActiveCfg = Release|Any CPU
		{259829C1-F73D-4823-80A6-28D2D2C373C2}.Release|Any CPU.Build.0 = Release|Any CPU
		{29E0D83E-6F2D-40D0-8FAA-DF551F5A526B}.Debug|Any CPU.ActiveCfg = Debug|Any CPU
		{29E0D83E-6F2D-40D0-8FAA-DF551F5A526B}.Debug|Any CPU.Build.0 = Debug|Any CPU
		{29E0D83E-6F2D-40D0-8FAA-DF551F5A526B}.Release|Any CPU.ActiveCfg = Release|Any CPU
		{29E0D83E-6F2D-40D0-8FAA-DF551F5A526B}.Release|Any CPU.Build.0 = Release|Any CPU
	EndGlobalSection
	GlobalSection(SolutionProperties) = preSolution
		HideSolutionNode = FALSE
	EndGlobalSection
	GlobalSection(NestedProjects) = preSolution
		{42FA54D2-F646-49A4-B89D-32B5BB1E42FF} = {73025129-A420-4D4E-9B94-C1366E6D111D}
		{8367608B-C5DD-4D73-ADEE-37CE4ED602A6} = {BFBDAD69-0714-4D6B-AE3B-3FCE826A8489}
		{B8CDF58D-31F0-4851-8D1A-977F6A3FA102} = {BFBDAD69-0714-4D6B-AE3B-3FCE826A8489}
		{85182B5C-1A52-4359-AE91-6A315EB0CD69} = {D04F4FBE-2364-4BE1-AB7C-2A7B600CFDA0}
		{259829C1-F73D-4823-80A6-28D2D2C373C2} = {D04F4FBE-2364-4BE1-AB7C-2A7B600CFDA0}
		{29E0D83E-6F2D-40D0-8FAA-DF551F5A526B} = {58C676B8-B99E-42CB-9836-2DA44158C3A9}
	EndGlobalSection
	GlobalSection(ExtensibilityGlobals) = postSolution
		SolutionGuid = {B4792909-08C7-4B03-9463-A8B617557522}
	EndGlobalSection
EndGlobal
